# This file is automatically @generated by Cargo.
# It is not intended for manual editing.
version = 3

[[package]]
name = "express"
version = "0.0.2"
source = "registry+https://github.com/rust-lang/crates.io-index"
checksum = "2d715e92c6e443681f65ac202f14250bf4fc3f076a0522d7aafcf916e77fff5c"

[[package]]
name = "querystring"
version = "1.1.0"
source = "registry+https://github.com/rust-lang/crates.io-index"
checksum = "9318ead08c799aad12a55a3e78b82e0b6167271ffd1f627b758891282f739187"

[[package]]
name = "vybe-backend"
version = "0.1.0"
dependencies = [
 "express",
 "querystring",
]
